
Microsoft Visual Studio Solution File, Format Version 12.00
Project("{FAE04EC0-301F-11D3-BF4B-00C04F79EFBC}") = "ConsoleApp25", "ConsoleApp25\ConsoleApp25.csproj", "{638E0BCF-6E69-462E-84F6-7B035264FAEF}"
EndProject
Global
	GlobalSection(SolutionConfigurationPlatforms) = preSolution
		Debug|Any CPU = Debug|Any CPU
		Release|Any CPU = Release|Any CPU
	EndGlobalSection
	GlobalSection(ProjectConfigurationPlatforms) = postSolution
		{638E0BCF-6E69-462E-84F6-7B035264FAEF}.Debug|Any CPU.ActiveCfg = Debug|Any CPU
		{638E0BCF-6E69-462E-84F6-7B035264FAEF}.Debug|Any CPU.Build.0 = Debug|Any CPU
		{638E0BCF-6E69-462E-84F6-7B035264FAEF}.Release|Any CPU.ActiveCfg = Release|Any CPU
		{638E0BCF-6E69-462E-84F6-7B035264FAEF}.Release|Any CPU.Build.0 = Release|Any CPU
	EndGlobalSection
EndGlobal
